
Microsoft Visual Studio Solution File, Format Version 12.00
# Visual Studio Version 17
VisualStudioVersion = 17.6.33815.320
MinimumVisualStudioVersion = 10.0.40219.1
Project("{FAE04EC0-301F-11D3-BF4B-00C04F79EFBC}") = "ExamenFinal", "ExamenFinal\ExamenFinal.csproj", "{B4C8E924-87CA-4325-B63C-8DC60FC28476}"
EndProject
Project("{FAE04EC0-301F-11D3-BF4B-00C04F79EFBC}") = "BLL", "BLL\BLL.csproj", "{5CBA756A-CD61-4B18-BDCA-6D3F781CFF05}"
EndProject
Global
	GlobalSection(SolutionConfigurationPlatforms) = preSolution
		Debug|Any CPU = Debug|Any CPU
		Release|Any CPU = Release|Any CPU
	EndGlobalSection
	GlobalSection(ProjectConfigurationPlatforms) = postSolution
		{B4C8E924-87CA-4325-B63C-8DC60FC28476}.Debug|Any CPU.ActiveCfg = Debug|Any CPU
		{B4C8E924-87CA-4325-B63C-8DC60FC28476}.Debug|Any CPU.Build.0 = Debug|Any CPU
		{B4C8E924-87CA-4325-B63C-8DC60FC28476}.Release|Any CPU.ActiveCfg = Release|Any CPU
		{B4C8E924-87CA-4325-B63C-8DC60FC28476}.Release|Any CPU.Build.0 = Release|Any CPU
		{5CBA756A-CD61-4B18-BDCA-6D3F781CFF05}.Debug|Any CPU.ActiveCfg = Debug|Any CPU
		{5CBA756A-CD61-4B18-BDCA-6D3F781CFF05}.Debug|Any CPU.Build.0 = Debug|Any CPU
		{5CBA756A-CD61-4B18-BDCA-6D3F781CFF05}.Release|Any CPU.ActiveCfg = Release|Any CPU
		{5CBA756A-CD61-4B18-BDCA-6D3F781CFF05}.Release|Any CPU.Build.0 = Release|Any CPU
	EndGlobalSection
	GlobalSection(SolutionProperties) = preSolution
		HideSolutionNode = FALSE
	EndGlobalSection
	GlobalSection(ExtensibilityGlobals) = postSolution
		SolutionGuid = {EA366DF7-618A-4823-9193-7F454C8B1BAF}
	EndGlobalSection
EndGlobal
